
Microsoft Visual Studio Solution File, Format Version 12.00
# Visual Studio Version 17
VisualStudioVersion = 17.3.32804.467
MinimumVisualStudioVersion = 10.0.40219.1
Project("{FAE04EC0-301F-11D3-BF4B-00C04F79EFBC}") = "ExpertManagmentSystem", "ExpertManagmentSystem.csproj", "{8A204F01-4537-4C32-AAA8-02854DFA53BF}"
EndProject
Global
	GlobalSection(SolutionConfigurationPlatforms) = preSolution
		Debug|Any CPU = Debug|Any CPU
		Release|Any CPU = Release|Any CPU
	EndGlobalSection
	GlobalSection(ProjectConfigurationPlatforms) = postSolution
		{8A204F01-4537-4C32-AAA8-02854DFA53BF}.Debug|Any CPU.ActiveCfg = Debug|Any CPU
		{8A204F01-4537-4C32-AAA8-02854DFA53BF}.Debug|Any CPU.Build.0 = Debug|Any CPU
		{8A204F01-4537-4C32-AAA8-02854DFA53BF}.Release|Any CPU.ActiveCfg = Release|Any CPU
		{8A204F01-4537-4C32-AAA8-02854DFA53BF}.Release|Any CPU.Build.0 = Release|Any CPU
	EndGlobalSection
	GlobalSection(SolutionProperties) = preSolution
		HideSolutionNode = FALSE
	EndGlobalSection
	GlobalSection(ExtensibilityGlobals) = postSolution
		SolutionGuid = {D442A2B2-91A1-490F-B281-0EA6D781B037}
	EndGlobalSection
EndGlobal
